// !$*UTF8*$!
{
	archiveVersion = 1;
	classes = {
	};
	objectVersion = 46;
	objects = {

/* Begin PBXBuildFile section */
		18DACEFC1BC7897F000747B0 /* main.m in Sources */ = {isa = PBXBuildFile; fileRef = 18DACEFB1BC7897F000747B0 /* main.m */; };
		18DACEFF1BC7897F000747B0 /* AppDelegate.m in Sources */ = {isa = PBXBuildFile; fileRef = 18DACEFE1BC7897F000747B0 /* AppDelegate.m */; };
		18DACF021BC7897F000747B0 /* ViewController.m in Sources */ = {isa = PBXBuildFile; fileRef = 18DACF011BC7897F000747B0 /* ViewController.m */; };
		18DACF051BC7897F000747B0 /* Main.storyboard in Resources */ = {isa = PBXBuildFile; fileRef = 18DACF031BC7897F000747B0 /* Main.storyboard */; };
		18DACF071BC7897F000747B0 /* Images.xcassets in Resources */ = {isa = PBXBuildFile; fileRef = 18DACF061BC7897F000747B0 /* Images.xcassets */; };
		18DACF0A1BC7897F000747B0 /* LaunchScreen.xib in Resources */ = {isa = PBXBuildFile; fileRef = 18DACF081BC7897F000747B0 /* LaunchScreen.xib */; };
		18DACF161BC7897F000747B0 /* TelBookTests.m in Sources */ = {isa = PBXBuildFile; fileRef = 18DACF151BC7897F000747B0 /* TelBookTests.m */; };
		18FADFE61BD63F5300E098F2 /* good_search@2x.png in Resources */ = {isa = PBXBuildFile; fileRef = 18FADFE51BD63F5300E098F2 /* good_search@2x.png */; };
/* End PBXBuildFile section */

/* Begin PBXContainerItemProxy section */
		18DACF101BC7897F000747B0 /* PBXContainerItemProxy */ = {
			isa = PBXContainerItemProxy;
			containerPortal = 18DACEEE1BC7897F000747B0 /* Project object */;
			proxyType = 1;
			remoteGlobalIDString = 18DACEF51BC7897F000747B0;
			remoteInfo = TelBook;
		};
/* End PBXContainerItemProxy section */

/* Begin PBXFileReference section */
		18DACEF61BC7897F000747B0 /* TelBook.app */ = {isa = PBXFileReference; explicitFileType = wrapper.application; includeInIndex = 0; path = TelBook.app; sourceTree = BUILT_PRODUCTS_DIR; };
		18DACEFA1BC7897F000747B0 /* Info.plist */ = {isa = PBXFileReference; lastKnownFileType = text.plist.xml; path = Info.plist; sourceTree = "<group>"; };
		18DACEFB1BC7897F000747B0 /* main.m */ = {isa = PBXFileReference; lastKnownFileType = sourcecode.c.objc; path = main.m; sourceTree = "<group>"; };
		18DACEFD1BC7897F000747B0 /* AppDelegate.h */ = {isa = PBXFileReference; lastKnownFileType = sourcecode.c.h; path = AppDelegate.h; sourceTree = "<group>"; };
		18DACEFE1BC7897F000747B0 /* AppDelegate.m */ = {isa = PBXFileReference; lastKnownFileType = sourcecode.c.objc; path = AppDelegate.m; sourceTree = "<group>"; };
		18DACF001BC7897F000747B0 /* ViewController.h */ = {isa = PBXFileReference; lastKnownFileType = sourcecode.c.h; path = ViewController.h; sourceTree = "<group>"; };
		18DACF011BC7897F000747B0 /* ViewController.m */ = {isa = PBXFileReference; lastKnownFileType = sourcecode.c.objc; path = ViewController.m; sourceTree = "<group>"; };
		18DACF041BC7897F000747B0 /* Base */ = {isa = PBXFileReference; lastKnownFileType = file.storyboard; name = Base; path = Base.lproj/Main.storyboard; sourceTree = "<group>"; };
		18DACF061BC7897F000747B0 /* Images.xcassets */ = {isa = PBXFileReference; lastKnownFileType = folder.assetcatalog; path = Images.xcassets; sourceTree = "<group>"; };
		18DACF091BC7897F000747B0 /* Base */ = {isa = PBXFileReference; lastKnownFileType = file.xib; name = Base; path = Base.lproj/LaunchScreen.xib; sourceTree = "<group>"; };
		18DACF0F1BC7897F000747B0 /* TelBookTests.xctest */ = {isa = PBXFileReference; explicitFileType = wrapper.cfbundle; includeInIndex = 0; path = TelBookTests.xctest; sourceTree = BUILT_PRODUCTS_DIR; };
		18DACF141BC7897F000747B0 /* Info.plist */ = {isa = PBXFileReference; lastKnownFileType = text.plist.xml; path = Info.plist; sourceTree = "<group>"; };
		18DACF151BC7897F000747B0 /* TelBookTests.m */ = {isa = PBXFileReference; lastKnownFileType = sourcecode.c.objc; path = TelBookTests.m; sourceTree = "<group>"; };
		18FADFE51BD63F5300E098F2 /* good_search@2x.png */ = {isa = PBXFileReference; lastKnownFileType = image.png; path = "good_search@2x.png"; sourceTree = "<group>"; };
/* End PBXFileReference section */

/* Begin PBXFrameworksBuildPhase section */
		18DACEF31BC7897F000747B0 /* Frameworks */ = {
			isa = PBXFrameworksBuildPhase;
			buildActionMask = 2147483647;
			files = (
			);
			runOnlyForDeploymentPostprocessing = 0;
		};
		18DACF0C1BC7897F000747B0 /* Frameworks */ = {
			isa = PBXFrameworksBuildPhase;
			buildActionMask = 2147483647;
			files = (
			);
			runOnlyForDeploymentPostprocessing = 0;
		};
/* End PBXFrameworksBuildPhase section */

/* Begin PBXGroup section */
		18DACEED1BC7897F000747B0 = {
			isa = PBXGroup;
			children = (
				18FADFE51BD63F5300E098F2 /* good_search@2x.png */,
				18DACEF81BC7897F000747B0 /* TelBook */,
				18DACF121BC7897F000747B0 /* TelBookTests */,
				18DACEF71BC7897F000747B0 /* Products */,
			);
			sourceTree = "<group>";
		};
		18DACEF71BC7897F000747B0 /* Products */ = {
			isa = PBXGroup;
			children = (
				18DACEF61BC7897F000747B0 /* TelBook.app */,
				18DACF0F1BC7897F000747B0 /* TelBookTests.xctest */,
			);
			name = Products;
			sourceTree = "<group>";
		};
		18DACEF81BC7897F000747B0 /* TelBook */ = {
			isa = PBXGroup;
			children = (
				18DACEFD1BC7897F000747B0 /* AppDelegate.h */,
				18DACEFE1BC7897F000747B0 /* AppDelegate.m */,
				18DACF001BC7897F000747B0 /* ViewController.h */,
				18DACF011BC7897F000747B0 /* ViewController.m */,
				18DACF031BC7897F000747B0 /* Main.storyboard */,
				18DACF061BC7897F000747B0 /* Images.xcassets */,
				18DACF081BC7897F000747B0 /* LaunchScreen.xib */,
				18DACEF91BC7897F000747B0 /* Supporting Files */,
			);
			path = TelBook;
			sourceTree = "<group>";
		};
		18DACEF91BC7897F000747B0 /* Supporting Files */ = {
			isa = PBXGroup;
			children = (
				18DACEFA1BC7897F000747B0 /* Info.plist */,
				18DACEFB1BC7897F000747B0 /* main.m */,
			);
			name = "Supporting Files";
			sourceTree = "<group>";
		};
		18DACF121BC7897F000747B0 /* TelBookTests */ = {
			isa = PBXGroup;
			children = (
				18DACF151BC7897F000747B0 /* TelBookTests.m */,
				18DACF131BC7897F000747B0 /* Supporting Files */,
			);
			path = TelBookTests;
			sourceTree = "<group>";
		};
		18DACF131BC7897F000747B0 /* Supporting Files */ = {
			isa = PBXGroup;
			children = (
				18DACF141BC7897F000747B0 /* Info.plist */,
			);
			name = "Supporting Files";
			sourceTree = "<group>";
		};
/* End PBXGroup section */

/* Begin PBXNativeTarget section */
		18DACEF51BC7897F000747B0 /* TelBook */ = {
			isa = PBXNativeTarget;
			buildConfigurationList = 18DACF191BC7897F000747B0 /* Build configuration list for PBXNativeTarget "TelBook" */;
			buildPhases = (
				18DACEF21BC7897F000747B0 /* Sources */,
				18DACEF31BC7897F000747B0 /* Frameworks */,
				18DACEF41BC7897F000747B0 /* Resources */,
			);
			buildRules = (
			);
			dependencies = (
			);
			name = TelBook;
			productName = TelBook;
			productReference = 18DACEF61BC7897F000747B0 /* TelBook.app */;
			productType = "com.apple.product-type.application";
		};
		18DACF0E1BC7897F000747B0 /* TelBookTests */ = {
			isa = PBXNativeTarget;
			buildConfigurationList = 18DACF1C1BC7897F000747B0 /* Build configuration list for PBXNativeTarget "TelBookTests" */;
			buildPhases = (
				18DACF0B1BC7897F000747B0 /* Sources */,
				18DACF0C1BC7897F000747B0 /* Frameworks */,
				18DACF0D1BC7897F000747B0 /* Resources */,
			);
			buildRules = (
			);
			dependencies = (
				18DACF111BC7897F000747B0 /* PBXTargetDependency */,
			);
			name = TelBookTests;
			productName = TelBookTests;
			productReference = 18DACF0F1BC7897F000747B0 /* TelBookTests.xctest */;
			productType = "com.apple.product-type.bundle.unit-test";
		};
/* End PBXNativeTarget section */

/* Begin PBXProject section */
		18DACEEE1BC7897F000747B0 /* Project object */ = {
			isa = PBXProject;
			attributes = {
				LastUpgradeCheck = 0630;
				ORGANIZATIONNAME = zf;
				TargetAttributes = {
					18DACEF51BC7897F000747B0 = {
						CreatedOnToolsVersion = 6.3.1;
					};
					18DACF0E1BC7897F000747B0 = {
						CreatedOnToolsVersion = 6.3.1;
						TestTargetID = 18DACEF51BC7897F000747B0;
					};
				};
			};
			buildConfigurationList = 18DACEF11BC7897F000747B0 /* Build configuration list for PBXProject "TelBook" */;
			compatibilityVersion = "Xcode 3.2";
			developmentRegion = English;
			hasScannedForEncodings = 0;
			knownRegions = (
				en,
				Base,
			);
			mainGroup = 18DACEED1BC7897F000747B0;
			productRefGroup = 18DACEF71BC7897F000747B0 /* Products */;
			projectDirPath = "";
			projectRoot = "";
			targets = (
				18DACEF51BC7897F000747B0 /* TelBook */,
				18DACF0E1BC7897F000747B0 /* TelBookTests */,
			);
		};
/* End PBXProject section */

/* Begin PBXResourcesBuildPhase section */
		18DACEF41BC7897F000747B0 /* Resources */ = {
			isa = PBXResourcesBuildPhase;
			buildActionMask = 2147483647;
			files = (
				18DACF051BC7897F000747B0 /* Main.storyboard in Resources */,
				18FADFE61BD63F5300E098F2 /* good_search@2x.png in Resources */,
				18DACF0A1BC7897F000747B0 /* LaunchScreen.xib in Resources */,
				18DACF071BC7897F000747B0 /* Images.xcassets in Resources */,
			);
			runOnlyForDeploymentPostprocessing = 0;
		};
		18DACF0D1BC7897F000747B0 /* Resources */ = {
			isa = PBXResourcesBuildPhase;
			buildActionMask = 2147483647;
			files = (
			);
			runOnlyForDeploymentPostprocessing = 0;
		};
/* End PBXResourcesBuildPhase section */

/* Begin PBXSourcesBuildPhase section */
		18DACEF21BC7897F000747B0 /* Sources */ = {
			isa = PBXSourcesBuildPhase;
			buildActionMask = 2147483647;
			files = (
				18DACF021BC7897F000747B0 /* ViewController.m in Sources */,
				18DACEFF1BC7897F000747B0 /* AppDelegate.m in Sources */,
				18DACEFC1BC7897F000747B0 /* main.m in Sources */,
			);
			runOnlyForDeploymentPostprocessing = 0;
		};
		18DACF0B1BC7897F000747B0 /* Sources */ = {
			isa = PBXSourcesBuildPhase;
			buildActionMask = 2147483647;
			files = (
				18DACF161BC7897F000747B0 /* TelBookTests.m in Sources */,
			);
			runOnlyForDeploymentPostprocessing = 0;
		};
/* End PBXSourcesBuildPhase section */

/* Begin PBXTargetDependency section */
		18DACF111BC7897F000747B0 /* PBXTargetDependency */ = {
			isa = PBXTargetDependency;
			target = 18DACEF51BC7897F000747B0 /* TelBook */;
			targetProxy = 18DACF101BC7897F000747B0 /* PBXContainerItemProxy */;
		};
/* End PBXTargetDependency section */

/* Begin PBXVariantGroup section */
		18DACF031BC7897F000747B0 /* Main.storyboard */ = {
			isa = PBXVariantGroup;
			children = (
				18DACF041BC7897F000747B0 /* Base */,
			);
			name = Main.storyboard;
			sourceTree = "<group>";
		};
		18DACF081BC7897F000747B0 /* LaunchScreen.xib */ = {
			isa = PBXVariantGroup;
			children = (
				18DACF091BC7897F000747B0 /* Base */,
			);
			name = LaunchScreen.xib;
			sourceTree = "<group>";
		};
/* End PBXVariantGroup section */

/* Begin XCBuildConfiguration section */
		18DACF171BC7897F000747B0 /* Debug */ = {
			isa = XCBuildConfiguration;
			buildSettings = {
				ALWAYS_SEARCH_USER_PATHS = NO;
				CLANG_CXX_LANGUAGE_STANDARD = "gnu++0x";
				CLANG_CXX_LIBRARY = "libc++";
				CLANG_ENABLE_MODULES = YES;
				CLANG_ENABLE_OBJC_ARC = YES;
				CLANG_WARN_BOOL_CONVERSION = YES;
				CLANG_WARN_CONSTANT_CONVERSION = YES;
				CLANG_WARN_DIRECT_OBJC_ISA_USAGE = YES_ERROR;
				CLANG_WARN_EMPTY_BODY = YES;
				CLANG_WARN_ENUM_CONVERSION = YES;
				CLANG_WARN_INT_CONVERSION = YES;
				CLANG_WARN_OBJC_ROOT_CLASS = YES_ERROR;
				CLANG_WARN_UNREACHABLE_CODE = YES;
				CLANG_WARN__DUPLICATE_METHOD_MATCH = YES;
				"CODE_SIGN_IDENTITY[sdk=iphoneos*]" = "iPhone Developer";
				COPY_PHASE_STRIP = NO;
				DEBUG_INFORMATION_FORMAT = "dwarf-with-dsym";
				ENABLE_STRICT_OBJC_MSGSEND = YES;
				GCC_C_LANGUAGE_STANDARD = gnu99;
				GCC_DYNAMIC_NO_PIC = NO;
				GCC_NO_COMMON_BLOCKS = YES;
				GCC_OPTIMIZATION_LEVEL = 0;
				GCC_PREPROCESSOR_DEFINITIONS = (
					"DEBUG=1",
					"$(inherited)",
				);
				GCC_SYMBOLS_PRIVATE_EXTERN = NO;
				GCC_WARN_64_TO_32_BIT_CONVERSION = YES;
				GCC_WARN_ABOUT_RETURN_TYPE = YES_ERROR;
				GCC_WARN_UNDECLARED_SELECTOR = YES;
				GCC_WARN_UNINITIALIZED_AUTOS = YES_AGGRESSIVE;
				GCC_WARN_UNUSED_FUNCTION = YES;
				GCC_WARN_UNUSED_VARIABLE = YES;
				IPHONEOS_DEPLOYMENT_TARGET = 8.3;
				MTL_ENABLE_DEBUG_INFO = YES;
				ONLY_ACTIVE_ARCH = YES;
				SDKROOT = iphoneos;
				TARGETED_DEVICE_FAMILY = "1,2";
			};
			name = Debug;
		};
		18DACF181BC7897F000747B0 /* Release */ = {
			isa = XCBuildConfiguration;
			buildSettings = {
				ALWAYS_SEARCH_USER_PATHS = NO;
				CLANG_CXX_LANGUAGE_STANDARD = "gnu++0x";
				CLANG_CXX_LIBRARY = "libc++";
				CLANG_ENABLE_MODULES = YES;
				CLANG_ENABLE_OBJC_ARC = YES;
				CLANG_WARN_BOOL_CONVERSION = YES;
				CLANG_WARN_CONSTANT_CONVERSION = YES;
				CLANG_WARN_DIRECT_OBJC_ISA_USAGE = YES_ERROR;
				CLANG_WARN_EMPTY_BODY = YES;
				CLANG_WARN_ENUM_CONVERSION = YES;
				CLANG_WARN_INT_CONVERSION = YES;
				CLANG_WARN_OBJC_ROOT_CLASS = YES_ERROR;
				CLANG_WARN_UNREACHABLE_CODE = YES;
				CLANG_WARN__DUPLICATE_METHOD_MATCH = YES;
				"CODE_SIGN_IDENTITY[sdk=iphoneos*]" = "iPhone Developer";
				COPY_PHASE_STRIP = NO;
				DEBUG_INFORMATION_FORMAT = "dwarf-with-dsym";
				ENABLE_NS_ASSERTIONS = NO;
				ENABLE_STRICT_OBJC_MSGSEND = YES;
				GCC_C_LANGUAGE_STANDARD = gnu99;
				GCC_NO_COMMON_BLOCKS = YES;
				GCC_WARN_64_TO_32_BIT_CONVERSION = YES;
				GCC_WARN_ABOUT_RETURN_TYPE = YES_ERROR;
				GCC_WARN_UNDECLARED_SELECTOR = YES;
				GCC_WARN_UNINITIALIZED_AUTOS = YES_AGGRESSIVE;
				GCC_WARN_UNUSED_FUNCTION = YES;
				GCC_WARN_UNUSED_VARIABLE = YES;
				IPHONEOS_DEPLOYMENT_TARGET = 8.3;
				MTL_ENABLE_DEBUG_INFO = NO;
				SDKROOT = iphoneos;
				TARGETED_DEVICE_FAMILY = "1,2";
				VALIDATE_PRODUCT = YES;
			};
			name = Release;
		};
		18DACF1A1BC7897F000747B0 /* Debug */ = {
			isa = XCBuildConfiguration;
			buildSettings = {
				ASSETCATALOG_COMPILER_APPICON_NAME = AppIcon;
				INFOPLIST_FILE = TelBook/Info.plist;
				LD_RUNPATH_SEARCH_PATHS = "$(inherited) @executable_path/Frameworks";
				PRODUCT_NAME = "$(TARGET_NAME)";
			};
			name = Debug;
		};
		18DACF1B1BC7897F000747B0 /* Release */ = {
			isa = XCBuildConfiguration;
			buildSettings = {
				ASSETCATALOG_COMPILER_APPICON_NAME = AppIcon;
				INFOPLIST_FILE = TelBook/Info.plist;
				LD_RUNPATH_SEARCH_PATHS = "$(inherited) @executable_path/Frameworks";
				PRODUCT_NAME = "$(TARGET_NAME)";
			};
			name = Release;
		};
		18DACF1D1BC7897F000747B0 /* Debug */ = {
			isa = XCBuildConfiguration;
			buildSettings = {
				BUNDLE_LOADER = "$(TEST_HOST)";
				FRAMEWORK_SEARCH_PATHS = (
					"$(SDKROOT)/Developer/Library/Frameworks",
					"$(inherited)",
				);
				GCC_PREPROCESSOR_DEFINITIONS = (
					"DEBUG=1",
					"$(inherited)",
				);
				INFOPLIST_FILE = TelBookTests/Info.plist;
				LD_RUNPATH_SEARCH_PATHS = "$(inherited) @executable_path/Frameworks @loader_path/Frameworks";
				PRODUCT_NAME = "$(TARGET_NAME)";
				TEST_HOST = "$(BUILT_PRODUCTS_DIR)/TelBook.app/TelBook";
			};
			name = Debug;
		};
		18DACF1E1BC7897F000747B0 /* Release */ = {
			isa = XCBuildConfiguration;
			buildSettings = {
				BUNDLE_LOADER = "$(TEST_HOST)";
				FRAMEWORK_SEARCH_PATHS = (
					"$(SDKROOT)/Developer/Library/Frameworks",
					"$(inherited)",
				);
				INFOPLIST_FILE = TelBookTests/Info.plist;
				LD_RUNPATH_SEARCH_PATHS = "$(inherited) @executable_path/Frameworks @loader_path/Frameworks";
				PRODUCT_NAME = "$(TARGET_NAME)";
				TEST_HOST = "$(BUILT_PRODUCTS_DIR)/TelBook.app/TelBook";
			};
			name = Release;
		};
/* End XCBuildConfiguration section */

/* Begin XCConfigurationList section */
		18DACEF11BC7897F000747B0 /* Build configuration list for PBXProject "TelBook" */ = {
			isa = XCConfigurationList;
			buildConfigurations = (
				18DACF171BC7897F000747B0 /* Debug */,
				18DACF181BC7897F000747B0 /* Release */,
			);
			defaultConfigurationIsVisible = 0;
			defaultConfigurationName = Release;
		};
		18DACF191BC7897F000747B0 /* Build configuration list for PBXNativeTarget "TelBook" */ = {
			isa = XCConfigurationList;
			buildConfigurations = (
				18DACF1A1BC7897F000747B0 /* Debug */,
				18DACF1B1BC7897F000747B0 /* Release */,
			);
			defaultConfigurationIsVisible = 0;
			defaultConfigurationName = Release;
		};
		18DACF1C1BC7897F000747B0 /* Build configuration list for PBXNativeTarget "TelBookTests" */ = {
			isa = XCConfigurationList;
			buildConfigurations = (
				18DACF1D1BC7897F000747B0 /* Debug */,
				18DACF1E1BC7897F000747B0 /* Release */,
			);
			defaultConfigurationIsVisible = 0;
			defaultConfigurationName = Release;
		};
/* End XCConfigurationList section */
	};
	rootObject = 18DACEEE1BC7897F000747B0 /* Project object */;
}
